{
  "version": 4,
  "terraform_version": "0.12.26",
  "serial": 219,
  "lineage": "7cf9b33f-a8a1-1288-3626-09a2dd8b95ae",
  "outputs": {
    "cloudfront": {
      "value": "d1e1olq7ixeb1u.cloudfront.net",
      "type": "string"
    },
    "myosip": {
      "value": "13.233.215.240",
      "type": "string"
    }
  },
  "resources": [
    {
      "mode": "managed",
      "type": "aws_cloudfront_distribution",
      "name": "s3_distribution",
      "provider": "provider.aws",
      "instances": [
        {
          "schema_version": 1,
          "attributes": {
            "active_trusted_signers": {
              "enabled": "false",
              "items.#": "0"
            },
            "aliases": [],
            "arn": "arn:aws:cloudfront::765430227865:distribution/E1D5QN5IWXRA0T",
            "cache_behavior": [],
            "caller_reference": "terraform-20200614043840741100000001",
            "comment": null,
            "custom_error_response": [],
            "default_cache_behavior": [
              {
                "allowed_methods": [
                  "DELETE",
                  "GET",
                  "HEAD",
                  "OPTIONS",
                  "PATCH",
                  "POST",
                  "PUT"
                ],
                "cached_methods": [
                  "GET",
                  "HEAD"
                ],
                "compress": false,
                "default_ttl": 3600,
                "field_level_encryption_id": "",
                "forwarded_values": [
                  {
                    "cookies": [
                      {
                        "forward": "none",
                        "whitelisted_names": []
                      }
                    ],
                    "headers": [],
                    "query_string": false,
                    "query_string_cache_keys": []
                  }
                ],
                "lambda_function_association": [],
                "max_ttl": 86400,
                "min_ttl": 0,
                "smooth_streaming": false,
                "target_origin_id": "forterra950",
                "trusted_signers": [],
                "viewer_protocol_policy": "allow-all"
              }
            ],
            "default_root_object": "",
            "domain_name": "d1e1olq7ixeb1u.cloudfront.net",
            "enabled": true,
            "etag": "E3QYN4DVKNDJT1",
            "hosted_zone_id": "Z2FDTNDATAQYW2",
            "http_version": "http2",
            "id": "E1D5QN5IWXRA0T",
            "in_progress_validation_batches": 0,
            "is_ipv6_enabled": false,
            "last_modified_time": "2020-06-14 04:38:39.027 +0000 UTC",
            "logging_config": [],
            "ordered_cache_behavior": [],
            "origin": [
              {
                "custom_header": [],
                "custom_origin_config": [],
                "domain_name": "forterra950.s3.ap-south-1.amazonaws.com",
                "origin_id": "forterra950",
                "origin_path": "",
                "s3_origin_config": []
              }
            ],
            "origin_group": [],
            "price_class": "PriceClass_All",
            "restrictions": [
              {
                "geo_restriction": [
                  {
                    "locations": [],
                    "restriction_type": "none"
                  }
                ]
              }
            ],
            "retain_on_delete": false,
            "status": "Deployed",
            "tags": {},
            "viewer_certificate": [
              {
                "acm_certificate_arn": "",
                "cloudfront_default_certificate": true,
                "iam_certificate_id": "",
                "minimum_protocol_version": "TLSv1",
                "ssl_support_method": ""
              }
            ],
            "wait_for_deployment": true,
            "web_acl_id": ""
          },
          "private": "eyJzY2hlbWFfdmVyc2lvbiI6IjEifQ==",
          "dependencies": [
            "aws_s3_bucket.my_bucket"
          ]
        }
      ]
    },
    {
      "mode": "managed",
      "type": "aws_ebs_volume",
      "name": "EbsTerra",
      "provider": "provider.aws",
      "instances": [
        {
          "schema_version": 0,
          "attributes": {
            "arn": "arn:aws:ec2:ap-south-1:765430227865:volume/vol-04a533bbd7a235c01",
            "availability_zone": "ap-south-1a",
            "encrypted": false,
            "id": "vol-04a533bbd7a235c01",
            "iops": 100,
            "kms_key_id": "",
            "multi_attach_enabled": false,
            "outpost_arn": "",
            "size": 2,
            "snapshot_id": "",
            "tags": {
              "Name": "EbsTerra"
            },
            "type": "gp2"
          },
          "private": "bnVsbA=="
        }
      ]
    },
    {
      "mode": "managed",
      "type": "aws_instance",
      "name": "TerraLinux1",
      "provider": "provider.aws",
      "instances": [
        {
          "schema_version": 1,
          "attributes": {
            "ami": "ami-0447a12f28fddb066",
            "arn": "arn:aws:ec2:ap-south-1:765430227865:instance/i-0621f3449a59cf876",
            "associate_public_ip_address": true,
            "availability_zone": "ap-south-1a",
            "cpu_core_count": 1,
            "cpu_threads_per_core": 1,
            "credit_specification": [
              {
                "cpu_credits": "standard"
              }
            ],
            "disable_api_termination": false,
            "ebs_block_device": [
              {
                "delete_on_termination": false,
                "device_name": "/dev/sdh",
                "encrypted": false,
                "iops": 100,
                "kms_key_id": "",
                "snapshot_id": "",
                "volume_id": "vol-04a533bbd7a235c01",
                "volume_size": 2,
                "volume_type": "gp2"
              }
            ],
            "ebs_optimized": false,
            "ephemeral_block_device": [],
            "get_password_data": false,
            "hibernation": false,
            "host_id": null,
            "iam_instance_profile": "",
            "id": "i-0621f3449a59cf876",
            "instance_initiated_shutdown_behavior": null,
            "instance_state": "running",
            "instance_type": "t2.micro",
            "ipv6_address_count": 0,
            "ipv6_addresses": [],
            "key_name": "ForTera",
            "metadata_options": [
              {
                "http_endpoint": "enabled",
                "http_put_response_hop_limit": 1,
                "http_tokens": "optional"
              }
            ],
            "monitoring": false,
            "network_interface": [],
            "network_interface_id": null,
            "outpost_arn": "",
            "password_data": "",
            "placement_group": "",
            "primary_network_interface_id": "eni-0789f205a089d0e35",
            "private_dns": "ip-172-31-45-172.ap-south-1.compute.internal",
            "private_ip": "172.31.45.172",
            "public_dns": "ec2-13-233-215-240.ap-south-1.compute.amazonaws.com",
            "public_ip": "13.233.215.240",
            "root_block_device": [
              {
                "delete_on_termination": true,
                "device_name": "/dev/xvda",
                "encrypted": false,
                "iops": 100,
                "kms_key_id": "",
                "volume_id": "vol-0192a36694edbc31d",
                "volume_size": 8,
                "volume_type": "gp2"
              }
            ],
            "security_groups": [
              "launch-wizard-4"
            ],
            "source_dest_check": true,
            "subnet_id": "subnet-0d0e3465",
            "tags": {
              "Name": "TeraLinux950"
            },
            "tenancy": "default",
            "timeouts": null,
            "user_data": null,
            "user_data_base64": null,
            "volume_tags": {
              "Name": "EbsTerra"
            },
            "vpc_security_group_ids": [
              "sg-03f264156835fbdc2"
            ]
          },
          "private": "eyJlMmJmYjczMC1lY2FhLTExZTYtOGY4OC0zNDM2M2JjN2M0YzAiOnsiY3JlYXRlIjo2MDAwMDAwMDAwMDAsImRlbGV0ZSI6MTIwMDAwMDAwMDAwMCwidXBkYXRlIjo2MDAwMDAwMDAwMDB9LCJzY2hlbWFfdmVyc2lvbiI6IjEifQ=="
        }
      ]
    },
    {
      "mode": "managed",
      "type": "aws_s3_bucket",
      "name": "my_bucket",
      "provider": "provider.aws",
      "instances": [
        {
          "schema_version": 0,
          "attributes": {
            "acceleration_status": "",
            "acl": "public-read",
            "arn": "arn:aws:s3:::forterra950",
            "bucket": "forterra950",
            "bucket_domain_name": "forterra950.s3.amazonaws.com",
            "bucket_prefix": null,
            "bucket_regional_domain_name": "forterra950.s3.ap-south-1.amazonaws.com",
            "cors_rule": [],
            "force_destroy": false,
            "grant": [],
            "hosted_zone_id": "Z11RGJOFQNVJUP",
            "id": "forterra950",
            "lifecycle_rule": [],
            "logging": [],
            "object_lock_configuration": [],
            "policy": null,
            "region": "ap-south-1",
            "replication_configuration": [],
            "request_payer": "BucketOwner",
            "server_side_encryption_configuration": [],
            "tags": {},
            "versioning": [
              {
                "enabled": false,
                "mfa_delete": false
              }
            ],
            "website": [],
            "website_domain": null,
            "website_endpoint": null
          },
          "private": "bnVsbA=="
        }
      ]
    },
    {
      "mode": "managed",
      "type": "aws_s3_bucket_object",
      "name": "object1",
      "provider": "provider.aws",
      "instances": [
        {
          "schema_version": 0,
          "attributes": {
            "acl": "public-read",
            "bucket": "forterra950",
            "cache_control": "",
            "content": null,
            "content_base64": null,
            "content_disposition": "",
            "content_encoding": "",
            "content_language": "",
            "content_type": "binary/octet-stream",
            "etag": "63352cd32aec5fd16b75d93858582929",
            "force_destroy": false,
            "id": "bucket_image.jpg",
            "key": "bucket_image.jpg",
            "kms_key_id": null,
            "metadata": {},
            "object_lock_legal_hold_status": "",
            "object_lock_mode": "",
            "object_lock_retain_until_date": "",
            "server_side_encryption": "",
            "source": "C:/Users/Nmp/Desktop/Terra/Mytest/Terraform/IMG_20200522_193447.jpg",
            "storage_class": "STANDARD",
            "tags": {},
            "version_id": "",
            "website_redirect": ""
          },
          "private": "bnVsbA==",
          "dependencies": [
            "aws_s3_bucket.my_bucket",
            "null_resource.null"
          ]
        }
      ]
    },
    {
      "mode": "managed",
      "type": "aws_volume_attachment",
      "name": "ebs_att",
      "provider": "provider.aws",
      "instances": [
        {
          "schema_version": 0,
          "attributes": {
            "device_name": "/dev/sdh",
            "force_detach": true,
            "id": "vai-3602269337",
            "instance_id": "i-0621f3449a59cf876",
            "skip_destroy": null,
            "volume_id": "vol-04a533bbd7a235c01"
          },
          "private": "bnVsbA==",
          "dependencies": [
            "aws_ebs_volume.EbsTerra",
            "aws_instance.TerraLinux1"
          ]
        }
      ]
    },
    {
      "mode": "managed",
      "type": "null_resource",
      "name": "null",
      "provider": "provider.null",
      "instances": [
        {
          "schema_version": 0,
          "attributes": {
            "id": "6664813368382817823",
            "triggers": null
          }
        }
      ]
    },
    {
      "mode": "managed",
      "type": "null_resource",
      "name": "null2",
      "provider": "provider.null",
      "instances": [
        {
          "schema_version": 0,
          "attributes": {
            "id": "3680251765624181104",
            "triggers": null
          },
          "dependencies": [
            "aws_s3_bucket.my_bucket"
          ]
        }
      ]
    },
    {
      "mode": "managed",
      "type": "null_resource",
      "name": "nullRemote6",
      "provider": "provider.null",
      "instances": [
        {
          "schema_version": 0,
          "attributes": {
            "id": "7496503537189755091",
            "triggers": null
          },
          "dependencies": [
            "aws_ebs_volume.EbsTerra",
            "aws_instance.TerraLinux1",
            "aws_volume_attachment.ebs_att"
          ]
        }
      ]
    },
    {
      "mode": "managed",
      "type": "null_resource",
      "name": "nulll",
      "provider": "provider.null",
      "instances": [
        {
          "schema_version": 0,
          "attributes": {
            "id": "8695837766266907776",
            "triggers": null
          },
          "dependencies": [
            "aws_cloudfront_distribution.s3_distribution",
            "aws_instance.TerraLinux1",
            "aws_s3_bucket_object.object1",
            "null_resource.nullRemote6"
          ]
        }
      ]
    },
    {
      "mode": "managed",
      "type": "null_resource",
      "name": "nulllocal",
      "provider": "provider.null",
      "instances": [
        {
          "schema_version": 0,
          "attributes": {
            "id": "5680439484991469653",
            "triggers": null
          },
          "dependencies": [
            "aws_instance.TerraLinux1"
          ]
        }
      ]
    }
  ]
}
